<?xml version="1.0" encoding="utf-8"?>
<Project ToolsVersion="4.0" xmlns="http://schemas.microsoft.com/developer/msbuild/2003">
  <ItemGroup>
    <Filter Include="_Common">
      <UniqueIdentifier>{1d1b0cd3-c9ab-4d61-9652-d27bae611e59}</UniqueIdentifier>
    </Filter>
    <Filter Include="Other">
      <UniqueIdentifier>{50ae6e68-f520-4eb6-8bd6-3ceb0e6bad67}</UniqueIdentifier>
    </Filter>
    <Filter Include="Data">
      <UniqueIdentifier>{b74e7c1f-768d-489a-a481-30b4a759631e}</UniqueIdentifier>
    </Filter>
    <Filter Include="Task">
      <UniqueIdentifier>{6d046c3a-c0c6-4d2c-bb80-ee32a07d8224}</UniqueIdentifier>
    </Filter>
  </ItemGroup>
  <ItemGroup>
    <ClInclude Include="pch.h">
      <Filter>_Common</Filter>
    </ClInclude>
    <ClInclude Include="..\..\inc\Core\CoreAPI.h">
      <Filter>_Common</Filter>
    </ClInclude>
    <ClInclude Include="SettingsData.h">
      <Filter>Data</Filter>
    </ClInclude>
    <ClInclude Include="ArchiveData.h">
      <Filter>Data</Filter>
    </ClInclude>
    <ClInclude Include="RuntimeData.h">
      <Filter>Data</Filter>
    </ClInclude>
    <ClInclude Include="Generic.h">
      <Filter>Other</Filter>
    </ClInclude>
    <ClInclude Include="ExtensionManager.h">
      <Filter>Other</Filter>
    </ClInclude>
    <ClInclude Include="Slave.h">
      <Filter>Task</Filter>
    </ClInclude>
  </ItemGroup>
  <ItemGroup>
    <ClCompile Include="pch.cpp">
      <Filter>_Common</Filter>
    </ClCompile>
    <ClCompile Include="dllmain.cpp">
      <Filter>_Common</Filter>
    </ClCompile>
    <ClCompile Include="ArchiveData.cpp">
      <Filter>Data</Filter>
    </ClCompile>
    <ClCompile Include="SettingsData.cpp">
      <Filter>Data</Filter>
    </ClCompile>
    <ClCompile Include="RuntimeData.cpp">
      <Filter>Data</Filter>
    </ClCompile>
    <ClCompile Include="ExtensionManager.cpp">
      <Filter>Other</Filter>
    </ClCompile>
    <ClCompile Include="Slave.cpp">
      <Filter>Task</Filter>
    </ClCompile>
  </ItemGroup>
</Project>