
Microsoft Visual Studio Solution File, Format Version 12.00
# Visual Studio Version 16
VisualStudioVersion = 16.0.30330.147
MinimumVisualStudioVersion = 10.0.40219.1
Project("{8BC9CEB8-8B4A-11D0-8D11-00A0C91BC942}") = "Main", "Main\Main.vcxproj", "{E84930C2-35A8-4017-97F6-98E8D3F5EC9E}"
	ProjectSection(ProjectDependencies) = postProject
		{55DE0C80-CFF6-470F-8801-48F32C9934D6} = {55DE0C80-CFF6-470F-8801-48F32C9934D6}
		{7E657090-291A-4443-B228-67D073B842C1} = {7E657090-291A-4443-B228-67D073B842C1}
	EndProjectSection
EndProject
Project("{8BC9CEB8-8B4A-11D0-8D11-00A0C91BC942}") = "Base", "Base\Base.vcxproj", "{55DE0C80-CFF6-470F-8801-48F32C9934D6}"
EndProject
Project("{8BC9CEB8-8B4A-11D0-8D11-00A0C91BC942}") = "Core", "Core\Core.vcxproj", "{7E657090-291A-4443-B228-67D073B842C1}"
	ProjectSection(ProjectDependencies) = postProject
		{55DE0C80-CFF6-470F-8801-48F32C9934D6} = {55DE0C80-CFF6-470F-8801-48F32C9934D6}
	EndProjectSection
EndProject
Project("{2150E333-8FDC-42A3-9474-1A3956D46DE8}") = "Framework", "Framework", "{08702C38-70F9-4671-A074-35AD3B830AB1}"
EndProject
Project("{2150E333-8FDC-42A3-9474-1A3956D46DE8}") = "Test", "Test", "{32C4B2DB-472D-47D4-B15D-A9079519913B}"
EndProject
Project("{8BC9CEB8-8B4A-11D0-8D11-00A0C91BC942}") = "Test", "Test\Test.vcxproj", "{F41DE8DD-2AF6-4019-9407-3C59A6CBA425}"
	ProjectSection(ProjectDependencies) = postProject
		{55DE0C80-CFF6-470F-8801-48F32C9934D6} = {55DE0C80-CFF6-470F-8801-48F32C9934D6}
		{7E657090-291A-4443-B228-67D073B842C1} = {7E657090-291A-4443-B228-67D073B842C1}
	EndProjectSection
EndProject
Global
	GlobalSection(SolutionConfigurationPlatforms) = preSolution
		Debug|x64 = Debug|x64
		Debug|x86 = Debug|x86
		Release|x64 = Release|x64
		Release|x86 = Release|x86
	EndGlobalSection
	GlobalSection(ProjectConfigurationPlatforms) = postSolution
		{E84930C2-35A8-4017-97F6-98E8D3F5EC9E}.Debug|x64.ActiveCfg = Debug|x64
		{E84930C2-35A8-4017-97F6-98E8D3F5EC9E}.Debug|x64.Build.0 = Debug|x64
		{E84930C2-35A8-4017-97F6-98E8D3F5EC9E}.Debug|x86.ActiveCfg = Debug|Win32
		{E84930C2-35A8-4017-97F6-98E8D3F5EC9E}.Debug|x86.Build.0 = Debug|Win32
		{E84930C2-35A8-4017-97F6-98E8D3F5EC9E}.Release|x64.ActiveCfg = Release|x64
		{E84930C2-35A8-4017-97F6-98E8D3F5EC9E}.Release|x64.Build.0 = Release|x64
		{E84930C2-35A8-4017-97F6-98E8D3F5EC9E}.Release|x86.ActiveCfg = Release|Win32
		{E84930C2-35A8-4017-97F6-98E8D3F5EC9E}.Release|x86.Build.0 = Release|Win32
		{55DE0C80-CFF6-470F-8801-48F32C9934D6}.Debug|x64.ActiveCfg = Debug|x64
		{55DE0C80-CFF6-470F-8801-48F32C9934D6}.Debug|x64.Build.0 = Debug|x64
		{55DE0C80-CFF6-470F-8801-48F32C9934D6}.Debug|x86.ActiveCfg = Debug|Win32
		{55DE0C80-CFF6-470F-8801-48F32C9934D6}.Debug|x86.Build.0 = Debug|Win32
		{55DE0C80-CFF6-470F-8801-48F32C9934D6}.Release|x64.ActiveCfg = Release|x64
		{55DE0C80-CFF6-470F-8801-48F32C9934D6}.Release|x64.Build.0 = Release|x64
		{55DE0C80-CFF6-470F-8801-48F32C9934D6}.Release|x86.ActiveCfg = Release|Win32
		{55DE0C80-CFF6-470F-8801-48F32C9934D6}.Release|x86.Build.0 = Release|Win32
		{7E657090-291A-4443-B228-67D073B842C1}.Debug|x64.ActiveCfg = Debug|x64
		{7E657090-291A-4443-B228-67D073B842C1}.Debug|x64.Build.0 = Debug|x64
		{7E657090-291A-4443-B228-67D073B842C1}.Debug|x86.ActiveCfg = Debug|Win32
		{7E657090-291A-4443-B228-67D073B842C1}.Debug|x86.Build.0 = Debug|Win32
		{7E657090-291A-4443-B228-67D073B842C1}.Release|x64.ActiveCfg = Release|x64
		{7E657090-291A-4443-B228-67D073B842C1}.Release|x64.Build.0 = Release|x64
		{7E657090-291A-4443-B228-67D073B842C1}.Release|x86.ActiveCfg = Release|Win32
		{7E657090-291A-4443-B228-67D073B842C1}.Release|x86.Build.0 = Release|Win32
		{F41DE8DD-2AF6-4019-9407-3C59A6CBA425}.Debug|x64.ActiveCfg = Debug|x64
		{F41DE8DD-2AF6-4019-9407-3C59A6CBA425}.Debug|x64.Build.0 = Debug|x64
		{F41DE8DD-2AF6-4019-9407-3C59A6CBA425}.Debug|x86.ActiveCfg = Debug|Win32
		{F41DE8DD-2AF6-4019-9407-3C59A6CBA425}.Debug|x86.Build.0 = Debug|Win32
		{F41DE8DD-2AF6-4019-9407-3C59A6CBA425}.Release|x64.ActiveCfg = Release|x64
		{F41DE8DD-2AF6-4019-9407-3C59A6CBA425}.Release|x64.Build.0 = Release|x64
		{F41DE8DD-2AF6-4019-9407-3C59A6CBA425}.Release|x86.ActiveCfg = Release|Win32
		{F41DE8DD-2AF6-4019-9407-3C59A6CBA425}.Release|x86.Build.0 = Release|Win32
	EndGlobalSection
	GlobalSection(SolutionProperties) = preSolution
		HideSolutionNode = FALSE
	EndGlobalSection
	GlobalSection(NestedProjects) = preSolution
		{E84930C2-35A8-4017-97F6-98E8D3F5EC9E} = {08702C38-70F9-4671-A074-35AD3B830AB1}
		{55DE0C80-CFF6-470F-8801-48F32C9934D6} = {08702C38-70F9-4671-A074-35AD3B830AB1}
		{7E657090-291A-4443-B228-67D073B842C1} = {08702C38-70F9-4671-A074-35AD3B830AB1}
		{F41DE8DD-2AF6-4019-9407-3C59A6CBA425} = {32C4B2DB-472D-47D4-B15D-A9079519913B}
	EndGlobalSection
	GlobalSection(ExtensibilityGlobals) = postSolution
		SolutionGuid = {73223702-7091-4739-A013-8FE101974D64}
	EndGlobalSection
EndGlobal
